
Microsoft Visual Studio Solution File, Format Version 12.00
# Visual Studio Version 16
VisualStudioVersion = 16.0.31410.357
MinimumVisualStudioVersion = 10.0.40219.1
Project("{FAE04EC0-301F-11D3-BF4B-00C04F79EFBC}") = "apiDelta", "apiDelta\apiDelta.csproj", "{B27CC64A-9D8E-42BC-8224-9BA622FFBE6F}"
EndProject
Global
	GlobalSection(SolutionConfigurationPlatforms) = preSolution
		Debug|Any CPU = Debug|Any CPU
		Release|Any CPU = Release|Any CPU
	EndGlobalSection
	GlobalSection(ProjectConfigurationPlatforms) = postSolution
		{B27CC64A-9D8E-42BC-8224-9BA622FFBE6F}.Debug|Any CPU.ActiveCfg = Debug|Any CPU
		{B27CC64A-9D8E-42BC-8224-9BA622FFBE6F}.Debug|Any CPU.Build.0 = Debug|Any CPU
		{B27CC64A-9D8E-42BC-8224-9BA622FFBE6F}.Release|Any CPU.ActiveCfg = Release|Any CPU
		{B27CC64A-9D8E-42BC-8224-9BA622FFBE6F}.Release|Any CPU.Build.0 = Release|Any CPU
	EndGlobalSection
	GlobalSection(SolutionProperties) = preSolution
		HideSolutionNode = FALSE
	EndGlobalSection
	GlobalSection(ExtensibilityGlobals) = postSolution
		SolutionGuid = {69DABF3A-2E33-490C-B5F0-AF4AAE846A48}
	EndGlobalSection
EndGlobal
